// !$*UTF8*$!
{
	archiveVersion = 1;
	classes = {
	};
	objectVersion = 77;
	objects = {

/* Begin PBXContainerItemProxy section */
		07FA79D42D8FCC7F00E6CF48 /* PBXContainerItemProxy */ = {
			isa = PBXContainerItemProxy;
			containerPortal = 07FA79BB2D8FCC7C00E6CF48 /* Project object */;
			proxyType = 1;
			remoteGlobalIDString = 07FA79C22D8FCC7D00E6CF48;
			remoteInfo = HeySaloon;
		};
		07FA79DE2D8FCC7F00E6CF48 /* PBXContainerItemProxy */ = {
			isa = PBXContainerItemProxy;
			containerPortal = 07FA79BB2D8FCC7C00E6CF48 /* Project object */;
			proxyType = 1;
			remoteGlobalIDString = 07FA79C22D8FCC7D00E6CF48;
			remoteInfo = HeySaloon;
		};
/* End PBXContainerItemProxy section */

/* Begin PBXFileReference section */
		07FA79C32D8FCC7D00E6CF48 /* HeySaloon.app */ = {isa = PBXFileReference; explicitFileType = wrapper.application; includeInIndex = 0; path = HeySaloon.app; sourceTree = BUILT_PRODUCTS_DIR; };
		07FA79D32D8FCC7F00E6CF48 /* HeySaloonTests.xctest */ = {isa = PBXFileReference; explicitFileType = wrapper.cfbundle; includeInIndex = 0; path = HeySaloonTests.xctest; sourceTree = BUILT_PRODUCTS_DIR; };
		07FA79DD2D8FCC7F00E6CF48 /* HeySaloonUITests.xctest */ = {isa = PBXFileReference; explicitFileType = wrapper.cfbundle; includeInIndex = 0; path = HeySaloonUITests.xctest; sourceTree = BUILT_PRODUCTS_DIR; };
/* End PBXFileReference section */

/* Begin PBXFileSystemSynchronizedRootGroup section */
		07FA79C52D8FCC7D00E6CF48 /* HeySaloon */ = {
			isa = PBXFileSystemSynchronizedRootGroup;
			path = HeySaloon;
			sourceTree = "<group>";
		};
		07FA79D62D8FCC7F00E6CF48 /* HeySaloonTests */ = {
			isa = PBXFileSystemSynchronizedRootGroup;
			path = HeySaloonTests;
			sourceTree = "<group>";
		};
		07FA79E02D8FCC7F00E6CF48 /* HeySaloonUITests */ = {
			isa = PBXFileSystemSynchronizedRootGroup;
			path = HeySaloonUITests;
			sourceTree = "<group>";
		};
/* End PBXFileSystemSynchronizedRootGroup section */

/* Begin PBXFrameworksBuildPhase section */
		07FA79C02D8FCC7D00E6CF48 /* Frameworks */ = {
			isa = PBXFrameworksBuildPhase;
			buildActionMask = 2147483647;
			files = (
			);
			runOnlyForDeploymentPostprocessing = 0;
		};
		07FA79D02D8FCC7F00E6CF48 /* Frameworks */ = {
			isa = PBXFrameworksBuildPhase;
			buildActionMask = 2147483647;
			files = (
			);
			runOnlyForDeploymentPostprocessing = 0;
		};
		07FA79DA2D8FCC7F00E6CF48 /* Frameworks */ = {
			isa = PBXFrameworksBuildPhase;
			buildActionMask = 2147483647;
			files = (
			);
			runOnlyForDeploymentPostprocessing = 0;
		};
/* End PBXFrameworksBuildPhase section */

/* Begin PBXGroup section */
		07FA79BA2D8FCC7C00E6CF48 = {
			isa = PBXGroup;
			children = (
				07FA79C52D8FCC7D00E6CF48 /* HeySaloon */,
				07FA79D62D8FCC7F00E6CF48 /* HeySaloonTests */,
				07FA79E02D8FCC7F00E6CF48 /* HeySaloonUITests */,
				07FA79C42D8FCC7D00E6CF48 /* Products */,
			);
			sourceTree = "<group>";
		};
		07FA79C42D8FCC7D00E6CF48 /* Products */ = {
			isa = PBXGroup;
			children = (
				07FA79C32D8FCC7D00E6CF48 /* HeySaloon.app */,
				07FA79D32D8FCC7F00E6CF48 /* HeySaloonTests.xctest */,
				07FA79DD2D8FCC7F00E6CF48 /* HeySaloonUITests.xctest */,
			);
			name = Products;
			sourceTree = "<group>";
		};
/* End PBXGroup section */

/* Begin PBXNativeTarget section */
		07FA79C22D8FCC7D00E6CF48 /* HeySaloon */ = {
			isa = PBXNativeTarget;
			buildConfigurationList = 07FA79E72D8FCC7F00E6CF48 /* Build configuration list for PBXNativeTarget "HeySaloon" */;
			buildPhases = (
				07FA79BF2D8FCC7D00E6CF48 /* Sources */,
				07FA79C02D8FCC7D00E6CF48 /* Frameworks */,
				07FA79C12D8FCC7D00E6CF48 /* Resources */,
			);
			buildRules = (
			);
			dependencies = (
			);
			fileSystemSynchronizedGroups = (
				07FA79C52D8FCC7D00E6CF48 /* HeySaloon */,
			);
			name = HeySaloon;
			packageProductDependencies = (
			);
			productName = HeySaloon;
			productReference = 07FA79C32D8FCC7D00E6CF48 /* HeySaloon.app */;
			productType = "com.apple.product-type.application";
		};
		07FA79D22D8FCC7F00E6CF48 /* HeySaloonTests */ = {
			isa = PBXNativeTarget;
			buildConfigurationList = 07FA79EA2D8FCC7F00E6CF48 /* Build configuration list for PBXNativeTarget "HeySaloonTests" */;
			buildPhases = (
				07FA79CF2D8FCC7F00E6CF48 /* Sources */,
				07FA79D02D8FCC7F00E6CF48 /* Frameworks */,
				07FA79D12D8FCC7F00E6CF48 /* Resources */,
			);
			buildRules = (
			);
			dependencies = (
				07FA79D52D8FCC7F00E6CF48 /* PBXTargetDependency */,
			);
			fileSystemSynchronizedGroups = (
				07FA79D62D8FCC7F00E6CF48 /* HeySaloonTests */,
			);
			name = HeySaloonTests;
			packageProductDependencies = (
			);
			productName = HeySaloonTests;
			productReference = 07FA79D32D8FCC7F00E6CF48 /* HeySaloonTests.xctest */;
			productType = "com.apple.product-type.bundle.unit-test";
		};
		07FA79DC2D8FCC7F00E6CF48 /* HeySaloonUITests */ = {
			isa = PBXNativeTarget;
			buildConfigurationList = 07FA79ED2D8FCC7F00E6CF48 /* Build configuration list for PBXNativeTarget "HeySaloonUITests" */;
			buildPhases = (
				07FA79D92D8FCC7F00E6CF48 /* Sources */,
				07FA79DA2D8FCC7F00E6CF48 /* Frameworks */,
				07FA79DB2D8FCC7F00E6CF48 /* Resources */,
			);
			buildRules = (
			);
			dependencies = (
				07FA79DF2D8FCC7F00E6CF48 /* PBXTargetDependency */,
			);
			fileSystemSynchronizedGroups = (
				07FA79E02D8FCC7F00E6CF48 /* HeySaloonUITests */,
			);
			name = HeySaloonUITests;
			packageProductDependencies = (
			);
			productName = HeySaloonUITests;
			productReference = 07FA79DD2D8FCC7F00E6CF48 /* HeySaloonUITests.xctest */;
			productType = "com.apple.product-type.bundle.ui-testing";
		};
/* End PBXNativeTarget section */

/* Begin PBXProject section */
		07FA79BB2D8FCC7C00E6CF48 /* Project object */ = {
			isa = PBXProject;
			attributes = {
				BuildIndependentTargetsInParallel = 1;
				LastSwiftUpdateCheck = 1620;
				LastUpgradeCheck = 1630;
				TargetAttributes = {
					07FA79C22D8FCC7D00E6CF48 = {
						CreatedOnToolsVersion = 16.2;
					};
					07FA79D22D8FCC7F00E6CF48 = {
						CreatedOnToolsVersion = 16.2;
						TestTargetID = 07FA79C22D8FCC7D00E6CF48;
					};
					07FA79DC2D8FCC7F00E6CF48 = {
						CreatedOnToolsVersion = 16.2;
						TestTargetID = 07FA79C22D8FCC7D00E6CF48;
					};
				};
			};
			buildConfigurationList = 07FA79BE2D8FCC7C00E6CF48 /* Build configuration list for PBXProject "HeySaloon" */;
			developmentRegion = en;
			hasScannedForEncodings = 0;
			knownRegions = (
				en,
				Base,
			);
			mainGroup = 07FA79BA2D8FCC7C00E6CF48;
			minimizedProjectReferenceProxies = 1;
			preferredProjectObjectVersion = 77;
			productRefGroup = 07FA79C42D8FCC7D00E6CF48 /* Products */;
			projectDirPath = "";
			projectRoot = "";
			targets = (
				07FA79C22D8FCC7D00E6CF48 /* HeySaloon */,
				07FA79D22D8FCC7F00E6CF48 /* HeySaloonTests */,
				07FA79DC2D8FCC7F00E6CF48 /* HeySaloonUITests */,
			);
		};
/* End PBXProject section */

/* Begin PBXResourcesBuildPhase section */
		07FA79C12D8FCC7D00E6CF48 /* Resources */ = {
			isa = PBXResourcesBuildPhase;
			buildActionMask = 2147483647;
			files = (
			);
			runOnlyForDeploymentPostprocessing = 0;
		};
		07FA79D12D8FCC7F00E6CF48 /* Resources */ = {
			isa = PBXResourcesBuildPhase;
			buildActionMask = 2147483647;
			files = (
			);
			runOnlyForDeploymentPostprocessing = 0;
		};
		07FA79DB2D8FCC7F00E6CF48 /* Resources */ = {
			isa = PBXResourcesBuildPhase;
			buildActionMask = 2147483647;
			files = (
			);
			runOnlyForDeploymentPostprocessing = 0;
		};
/* End PBXResourcesBuildPhase section */

/* Begin PBXSourcesBuildPhase section */
		07FA79BF2D8FCC7D00E6CF48 /* Sources */ = {
			isa = PBXSourcesBuildPhase;
			buildActionMask = 2147483647;
			files = (
			);
			runOnlyForDeploymentPostprocessing = 0;
		};
		07FA79CF2D8FCC7F00E6CF48 /* Sources */ = {
			isa = PBXSourcesBuildPhase;
			buildActionMask = 2147483647;
			files = (
			);
			runOnlyForDeploymentPostprocessing = 0;
		};
		07FA79D92D8FCC7F00E6CF48 /* Sources */ = {
			isa = PBXSourcesBuildPhase;
			buildActionMask = 2147483647;
			files = (
			);
			runOnlyForDeploymentPostprocessing = 0;
		};
/* End PBXSourcesBuildPhase section */

/* Begin PBXTargetDependency section */
		07FA79D52D8FCC7F00E6CF48 /* PBXTargetDependency */ = {
			isa = PBXTargetDependency;
			target = 07FA79C22D8FCC7D00E6CF48 /* HeySaloon */;
			targetProxy = 07FA79D42D8FCC7F00E6CF48 /* PBXContainerItemProxy */;
		};
		07FA79DF2D8FCC7F00E6CF48 /* PBXTargetDependency */ = {
			isa = PBXTargetDependency;
			target = 07FA79C22D8FCC7D00E6CF48 /* HeySaloon */;
			targetProxy = 07FA79DE2D8FCC7F00E6CF48 /* PBXContainerItemProxy */;
		};
/* End PBXTargetDependency section */

/* Begin XCBuildConfiguration section */
		07FA79E52D8FCC7F00E6CF48 /* Debug */ = {
			isa = XCBuildConfiguration;
			buildSettings = {
				ALWAYS_SEARCH_USER_PATHS = NO;
				ASSETCATALOG_COMPILER_GENERATE_SWIFT_ASSET_SYMBOL_EXTENSIONS = YES;
				CLANG_ANALYZER_NONNULL = YES;
				CLANG_ANALYZER_NUMBER_OBJECT_CONVERSION = YES_AGGRESSIVE;
				CLANG_CXX_LANGUAGE_STANDARD = "gnu++20";
				CLANG_ENABLE_MODULES = YES;
				CLANG_ENABLE_OBJC_ARC = YES;
				CLANG_ENABLE_OBJC_WEAK = YES;
				CLANG_WARN_BLOCK_CAPTURE_AUTORELEASING = YES;
				CLANG_WARN_BOOL_CONVERSION = YES;
				CLANG_WARN_COMMA = YES;
				CLANG_WARN_CONSTANT_CONVERSION = YES;
				CLANG_WARN_DEPRECATED_OBJC_IMPLEMENTATIONS = YES;
				CLANG_WARN_DIRECT_OBJC_ISA_USAGE = YES_ERROR;
				CLANG_WARN_DOCUMENTATION_COMMENTS = YES;
				CLANG_WARN_EMPTY_BODY = YES;
				CLANG_WARN_ENUM_CONVERSION = YES;
				CLANG_WARN_INFINITE_RECURSION = YES;
				CLANG_WARN_INT_CONVERSION = YES;
				CLANG_WARN_NON_LITERAL_NULL_CONVERSION = YES;
				CLANG_WARN_OBJC_IMPLICIT_RETAIN_SELF = YES;
				CLANG_WARN_OBJC_LITERAL_CONVERSION = YES;
				CLANG_WARN_OBJC_ROOT_CLASS = YES_ERROR;
				CLANG_WARN_QUOTED_INCLUDE_IN_FRAMEWORK_HEADER = YES;
				CLANG_WARN_RANGE_LOOP_ANALYSIS = YES;
				CLANG_WARN_STRICT_PROTOTYPES = YES;
				CLANG_WARN_SUSPICIOUS_MOVE = YES;
				CLANG_WARN_UNGUARDED_AVAILABILITY = YES_AGGRESSIVE;
				CLANG_WARN_UNREACHABLE_CODE = YES;
				CLANG_WARN__DUPLICATE_METHOD_MATCH = YES;
				COPY_PHASE_STRIP = NO;
				DEBUG_INFORMATION_FORMAT = dwarf;
				DEVELOPMENT_TEAM = 2968TKA5HL;
				ENABLE_STRICT_OBJC_MSGSEND = YES;
				ENABLE_TESTABILITY = YES;
				ENABLE_USER_SCRIPT_SANDBOXING = YES;
				GCC_C_LANGUAGE_STANDARD = gnu17;
				GCC_DYNAMIC_NO_PIC = NO;
				GCC_NO_COMMON_BLOCKS = YES;
				GCC_OPTIMIZATION_LEVEL = 0;
				GCC_PREPROCESSOR_DEFINITIONS = (
					"DEBUG=1",
					"$(inherited)",
				);
				GCC_WARN_64_TO_32_BIT_CONVERSION = YES;
				GCC_WARN_ABOUT_RETURN_TYPE = YES_ERROR;
				GCC_WARN_UNDECLARED_SELECTOR = YES;
				GCC_WARN_UNINITIALIZED_AUTOS = YES_AGGRESSIVE;
				GCC_WARN_UNUSED_FUNCTION = YES;
				GCC_WARN_UNUSED_VARIABLE = YES;
				IPHONEOS_DEPLOYMENT_TARGET = 18.2;
				LOCALIZATION_PREFERS_STRING_CATALOGS = YES;
				MTL_ENABLE_DEBUG_INFO = INCLUDE_SOURCE;
				MTL_FAST_MATH = YES;
				ONLY_ACTIVE_ARCH = YES;
				SDKROOT = iphoneos;
				SWIFT_ACTIVE_COMPILATION_CONDITIONS = "DEBUG $(inherited)";
				SWIFT_OPTIMIZATION_LEVEL = "-Onone";
			};
			name = Debug;
		};
		07FA79E62D8FCC7F00E6CF48 /* Release */ = {
			isa = XCBuildConfiguration;
			buildSettings = {
				ALWAYS_SEARCH_USER_PATHS = NO;
				ASSETCATALOG_COMPILER_GENERATE_SWIFT_ASSET_SYMBOL_EXTENSIONS = YES;
				CLANG_ANALYZER_NONNULL = YES;
				CLANG_ANALYZER_NUMBER_OBJECT_CONVERSION = YES_AGGRESSIVE;
				CLANG_CXX_LANGUAGE_STANDARD = "gnu++20";
				CLANG_ENABLE_MODULES = YES;
				CLANG_ENABLE_OBJC_ARC = YES;
				CLANG_ENABLE_OBJC_WEAK = YES;
				CLANG_WARN_BLOCK_CAPTURE_AUTORELEASING = YES;
				CLANG_WARN_BOOL_CONVERSION = YES;
				CLANG_WARN_COMMA = YES;
				CLANG_WARN_CONSTANT_CONVERSION = YES;
				CLANG_WARN_DEPRECATED_OBJC_IMPLEMENTATIONS = YES;
				CLANG_WARN_DIRECT_OBJC_ISA_USAGE = YES_ERROR;
				CLANG_WARN_DOCUMENTATION_COMMENTS = YES;
				CLANG_WARN_EMPTY_BODY = YES;
				CLANG_WARN_ENUM_CONVERSION = YES;
				CLANG_WARN_INFINITE_RECURSION = YES;
				CLANG_WARN_INT_CONVERSION = YES;
				CLANG_WARN_NON_LITERAL_NULL_CONVERSION = YES;
				CLANG_WARN_OBJC_IMPLICIT_RETAIN_SELF = YES;
				CLANG_WARN_OBJC_LITERAL_CONVERSION = YES;
				CLANG_WARN_OBJC_ROOT_CLASS = YES_ERROR;
				CLANG_WARN_QUOTED_INCLUDE_IN_FRAMEWORK_HEADER = YES;
				CLANG_WARN_RANGE_LOOP_ANALYSIS = YES;
				CLANG_WARN_STRICT_PROTOTYPES = YES;
				CLANG_WARN_SUSPICIOUS_MOVE = YES;
				CLANG_WARN_UNGUARDED_AVAILABILITY = YES_AGGRESSIVE;
				CLANG_WARN_UNREACHABLE_CODE = YES;
				CLANG_WARN__DUPLICATE_METHOD_MATCH = YES;
				COPY_PHASE_STRIP = NO;
				DEBUG_INFORMATION_FORMAT = "dwarf-with-dsym";
				DEVELOPMENT_TEAM = 2968TKA5HL;
				ENABLE_NS_ASSERTIONS = NO;
				ENABLE_STRICT_OBJC_MSGSEND = YES;
				ENABLE_USER_SCRIPT_SANDBOXING = YES;
				GCC_C_LANGUAGE_STANDARD = gnu17;
				GCC_NO_COMMON_BLOCKS = YES;
				GCC_WARN_64_TO_32_BIT_CONVERSION = YES;
				GCC_WARN_ABOUT_RETURN_TYPE = YES_ERROR;
				GCC_WARN_UNDECLARED_SELECTOR = YES;
				GCC_WARN_UNINITIALIZED_AUTOS = YES_AGGRESSIVE;
				GCC_WARN_UNUSED_FUNCTION = YES;
				GCC_WARN_UNUSED_VARIABLE = YES;
				IPHONEOS_DEPLOYMENT_TARGET = 18.2;
				LOCALIZATION_PREFERS_STRING_CATALOGS = YES;
				MTL_ENABLE_DEBUG_INFO = NO;
				MTL_FAST_MATH = YES;
				SDKROOT = iphoneos;
				SWIFT_COMPILATION_MODE = wholemodule;
				VALIDATE_PRODUCT = YES;
			};
			name = Release;
		};
		07FA79E82D8FCC7F00E6CF48 /* Debug */ = {
			isa = XCBuildConfiguration;
			buildSettings = {
				ASSETCATALOG_COMPILER_APPICON_NAME = AppIcon;
				ASSETCATALOG_COMPILER_GLOBAL_ACCENT_COLOR_NAME = AccentColor;
				CODE_SIGN_STYLE = Automatic;
				CURRENT_PROJECT_VERSION = 1;
				DEVELOPMENT_ASSET_PATHS = "\"HeySaloon/Preview Content\"";
				ENABLE_PREVIEWS = YES;
				GENERATE_INFOPLIST_FILE = YES;
				INFOPLIST_KEY_NSLocationWhenInUseUsageDescription = "Hey Saloon needs the location permissions to bring you the best experience.";
				INFOPLIST_KEY_UIApplicationSceneManifest_Generation = YES;
				INFOPLIST_KEY_UIApplicationSupportsIndirectInputEvents = YES;
				INFOPLIST_KEY_UILaunchScreen_Generation = YES;
				INFOPLIST_KEY_UISupportedInterfaceOrientations_iPad = "UIInterfaceOrientationPortrait UIInterfaceOrientationPortraitUpsideDown UIInterfaceOrientationLandscapeLeft UIInterfaceOrientationLandscapeRight";
				INFOPLIST_KEY_UISupportedInterfaceOrientations_iPhone = "UIInterfaceOrientationPortrait UIInterfaceOrientationLandscapeLeft UIInterfaceOrientationLandscapeRight";
				IPHONEOS_DEPLOYMENT_TARGET = 16.6;
				LD_RUNPATH_SEARCH_PATHS = (
					"$(inherited)",
					"@executable_path/Frameworks",
				);
				MARKETING_VERSION = 1.0;
				PRODUCT_BUNDLE_IDENTIFIER = lk.HeySaloon;
				PRODUCT_NAME = "$(TARGET_NAME)";
				SWIFT_EMIT_LOC_STRINGS = YES;
				SWIFT_VERSION = 5.0;
				TARGETED_DEVICE_FAMILY = "1,2";
			};
			name = Debug;
		};
		07FA79E92D8FCC7F00E6CF48 /* Release */ = {
			isa = XCBuildConfiguration;
			buildSettings = {
				ASSETCATALOG_COMPILER_APPICON_NAME = AppIcon;
				ASSETCATALOG_COMPILER_GLOBAL_ACCENT_COLOR_NAME = AccentColor;
				CODE_SIGN_STYLE = Automatic;
				CURRENT_PROJECT_VERSION = 1;
				DEVELOPMENT_ASSET_PATHS = "\"HeySaloon/Preview Content\"";
				ENABLE_PREVIEWS = YES;
				GENERATE_INFOPLIST_FILE = YES;
				INFOPLIST_KEY_NSLocationWhenInUseUsageDescription = "Hey Saloon needs the location permissions to bring you the best experience.";
				INFOPLIST_KEY_UIApplicationSceneManifest_Generation = YES;
				INFOPLIST_KEY_UIApplicationSupportsIndirectInputEvents = YES;
				INFOPLIST_KEY_UILaunchScreen_Generation = YES;
				INFOPLIST_KEY_UISupportedInterfaceOrientations_iPad = "UIInterfaceOrientationPortrait UIInterfaceOrientationPortraitUpsideDown UIInterfaceOrientationLandscapeLeft UIInterfaceOrientationLandscapeRight";
				INFOPLIST_KEY_UISupportedInterfaceOrientations_iPhone = "UIInterfaceOrientationPortrait UIInterfaceOrientationLandscapeLeft UIInterfaceOrientationLandscapeRight";
				IPHONEOS_DEPLOYMENT_TARGET = 16.6;
				LD_RUNPATH_SEARCH_PATHS = (
					"$(inherited)",
					"@executable_path/Frameworks",
				);
				MARKETING_VERSION = 1.0;
				PRODUCT_BUNDLE_IDENTIFIER = lk.HeySaloon;
				PRODUCT_NAME = "$(TARGET_NAME)";
				SWIFT_EMIT_LOC_STRINGS = YES;
				SWIFT_VERSION = 5.0;
				TARGETED_DEVICE_FAMILY = "1,2";
			};
			name = Release;
		};
		07FA79EB2D8FCC7F00E6CF48 /* Debug */ = {
			isa = XCBuildConfiguration;
			buildSettings = {
				BUNDLE_LOADER = "$(TEST_HOST)";
				CODE_SIGN_STYLE = Automatic;
				CURRENT_PROJECT_VERSION = 1;
				GENERATE_INFOPLIST_FILE = YES;
				IPHONEOS_DEPLOYMENT_TARGET = 18.2;
				MARKETING_VERSION = 1.0;
				PRODUCT_BUNDLE_IDENTIFIER = lk.HeySaloonTests;
				PRODUCT_NAME = "$(TARGET_NAME)";
				SWIFT_EMIT_LOC_STRINGS = NO;
				SWIFT_VERSION = 5.0;
				TARGETED_DEVICE_FAMILY = "1,2";
				TEST_HOST = "$(BUILT_PRODUCTS_DIR)/HeySaloon.app/$(BUNDLE_EXECUTABLE_FOLDER_PATH)/HeySaloon";
			};
			name = Debug;
		};
		07FA79EC2D8FCC7F00E6CF48 /* Release */ = {
			isa = XCBuildConfiguration;
			buildSettings = {
				BUNDLE_LOADER = "$(TEST_HOST)";
				CODE_SIGN_STYLE = Automatic;
				CURRENT_PROJECT_VERSION = 1;
				GENERATE_INFOPLIST_FILE = YES;
				IPHONEOS_DEPLOYMENT_TARGET = 18.2;
				MARKETING_VERSION = 1.0;
				PRODUCT_BUNDLE_IDENTIFIER = lk.HeySaloonTests;
				PRODUCT_NAME = "$(TARGET_NAME)";
				SWIFT_EMIT_LOC_STRINGS = NO;
				SWIFT_VERSION = 5.0;
				TARGETED_DEVICE_FAMILY = "1,2";
				TEST_HOST = "$(BUILT_PRODUCTS_DIR)/HeySaloon.app/$(BUNDLE_EXECUTABLE_FOLDER_PATH)/HeySaloon";
			};
			name = Release;
		};
		07FA79EE2D8FCC7F00E6CF48 /* Debug */ = {
			isa = XCBuildConfiguration;
			buildSettings = {
				CODE_SIGN_STYLE = Automatic;
				CURRENT_PROJECT_VERSION = 1;
				GENERATE_INFOPLIST_FILE = YES;
				MARKETING_VERSION = 1.0;
				PRODUCT_BUNDLE_IDENTIFIER = lk.HeySaloonUITests;
				PRODUCT_NAME = "$(TARGET_NAME)";
				SWIFT_EMIT_LOC_STRINGS = NO;
				SWIFT_VERSION = 5.0;
				TARGETED_DEVICE_FAMILY = "1,2";
				TEST_TARGET_NAME = HeySaloon;
			};
			name = Debug;
		};
		07FA79EF2D8FCC7F00E6CF48 /* Release */ = {
			isa = XCBuildConfiguration;
			buildSettings = {
				CODE_SIGN_STYLE = Automatic;
				CURRENT_PROJECT_VERSION = 1;
				GENERATE_INFOPLIST_FILE = YES;
				MARKETING_VERSION = 1.0;
				PRODUCT_BUNDLE_IDENTIFIER = lk.HeySaloonUITests;
				PRODUCT_NAME = "$(TARGET_NAME)";
				SWIFT_EMIT_LOC_STRINGS = NO;
				SWIFT_VERSION = 5.0;
				TARGETED_DEVICE_FAMILY = "1,2";
				TEST_TARGET_NAME = HeySaloon;
			};
			name = Release;
		};
/* End XCBuildConfiguration section */

/* Begin XCConfigurationList section */
		07FA79BE2D8FCC7C00E6CF48 /* Build configuration list for PBXProject "HeySaloon" */ = {
			isa = XCConfigurationList;
			buildConfigurations = (
				07FA79E52D8FCC7F00E6CF48 /* Debug */,
				07FA79E62D8FCC7F00E6CF48 /* Release */,
			);
			defaultConfigurationIsVisible = 0;
			defaultConfigurationName = Release;
		};
		07FA79E72D8FCC7F00E6CF48 /* Build configuration list for PBXNativeTarget "HeySaloon" */ = {
			isa = XCConfigurationList;
			buildConfigurations = (
				07FA79E82D8FCC7F00E6CF48 /* Debug */,
				07FA79E92D8FCC7F00E6CF48 /* Release */,
			);
			defaultConfigurationIsVisible = 0;
			defaultConfigurationName = Release;
		};
		07FA79EA2D8FCC7F00E6CF48 /* Build configuration list for PBXNativeTarget "HeySaloonTests" */ = {
			isa = XCConfigurationList;
			buildConfigurations = (
				07FA79EB2D8FCC7F00E6CF48 /* Debug */,
				07FA79EC2D8FCC7F00E6CF48 /* Release */,
			);
			defaultConfigurationIsVisible = 0;
			defaultConfigurationName = Release;
		};
		07FA79ED2D8FCC7F00E6CF48 /* Build configuration list for PBXNativeTarget "HeySaloonUITests" */ = {
			isa = XCConfigurationList;
			buildConfigurations = (
				07FA79EE2D8FCC7F00E6CF48 /* Debug */,
				07FA79EF2D8FCC7F00E6CF48 /* Release */,
			);
			defaultConfigurationIsVisible = 0;
			defaultConfigurationName = Release;
		};
/* End XCConfigurationList section */
	};
	rootObject = 07FA79BB2D8FCC7C00E6CF48 /* Project object */;
}
